
Microsoft Visual Studio Solution File, Format Version 12.00
# Visual Studio 2013
VisualStudioVersion = 12.0.31101.0
MinimumVisualStudioVersion = 10.0.40219.1
Project("{8BC9CEB8-8B4A-11D0-8D11-00A0C91BC942}") = "Raven", "Raven.vcxproj", "{AC2DAF3A-14F8-4D8D-A5DA-8488C123A5E0}"
EndProject
Global
	GlobalSection(SolutionConfigurationPlatforms) = preSolution
		Debug NetCDF|Win32 = Debug NetCDF|Win32
		Debug NetCDF|x64 = Debug NetCDF|x64
		Debug|Win32 = Debug|Win32
		Debug|x64 = Debug|x64
		Release netCDF|Win32 = Release netCDF|Win32
		Release netCDF|x64 = Release netCDF|x64
		Release|Win32 = Release|Win32
		Release|x64 = Release|x64
	EndGlobalSection
	GlobalSection(ProjectConfigurationPlatforms) = postSolution
		{AC2DAF3A-14F8-4D8D-A5DA-8488C123A5E0}.Debug NetCDF|Win32.ActiveCfg = Debug NetCDF|Win32
		{AC2DAF3A-14F8-4D8D-A5DA-8488C123A5E0}.Debug NetCDF|Win32.Build.0 = Debug NetCDF|Win32
		{AC2DAF3A-14F8-4D8D-A5DA-8488C123A5E0}.Debug NetCDF|x64.ActiveCfg = Debug NetCDF|x64
		{AC2DAF3A-14F8-4D8D-A5DA-8488C123A5E0}.Debug NetCDF|x64.Build.0 = Debug NetCDF|x64
		{AC2DAF3A-14F8-4D8D-A5DA-8488C123A5E0}.Debug|Win32.ActiveCfg = Debug|Win32
		{AC2DAF3A-14F8-4D8D-A5DA-8488C123A5E0}.Debug|Win32.Build.0 = Debug|Win32
		{AC2DAF3A-14F8-4D8D-A5DA-8488C123A5E0}.Debug|x64.ActiveCfg = Debug|x64
		{AC2DAF3A-14F8-4D8D-A5DA-8488C123A5E0}.Debug|x64.Build.0 = Debug|x64
		{AC2DAF3A-14F8-4D8D-A5DA-8488C123A5E0}.Release netCDF|Win32.ActiveCfg = Release netCDF|Win32
		{AC2DAF3A-14F8-4D8D-A5DA-8488C123A5E0}.Release netCDF|Win32.Build.0 = Release netCDF|Win32
		{AC2DAF3A-14F8-4D8D-A5DA-8488C123A5E0}.Release netCDF|x64.ActiveCfg = Release netCDF|x64
		{AC2DAF3A-14F8-4D8D-A5DA-8488C123A5E0}.Release netCDF|x64.Build.0 = Release netCDF|x64
		{AC2DAF3A-14F8-4D8D-A5DA-8488C123A5E0}.Release|Win32.ActiveCfg = Release|Win32
		{AC2DAF3A-14F8-4D8D-A5DA-8488C123A5E0}.Release|Win32.Build.0 = Release|Win32
		{AC2DAF3A-14F8-4D8D-A5DA-8488C123A5E0}.Release|x64.ActiveCfg = Release|x64
		{AC2DAF3A-14F8-4D8D-A5DA-8488C123A5E0}.Release|x64.Build.0 = Release|x64
	EndGlobalSection
	GlobalSection(SolutionProperties) = preSolution
		HideSolutionNode = FALSE
	EndGlobalSection
EndGlobal
